{
  "name": "livecodes-browser-extension",
  "lockfileVersion": 3,
  "requires": true,
  "packages": {
    "": {
      "dependencies": {
        "livecodes": "^0.11.1"
      }
    },
    "node_modules/livecodes": {
      "version": "0.11.1",
      "resolved": "https://registry.npmjs.org/livecodes/-/livecodes-0.11.1.tgz",
      "integrity": "sha512-v+TF4pD4wVk+7jYV7WD+PGMxU/zWlATZ80Y7ze6gAgPCJMdWNwbz5Y16+BSbwmfPjFeyMTSGWSYuiCEwEBkSzw==",
      "license": "MIT"
    }
  }
}
